
Microsoft Visual Studio Solution File, Format Version 12.00
# Visual Studio 15
VisualStudioVersion = 15.0.28307.421
MinimumVisualStudioVersion = 10.0.40219.1
Project("{FAE04EC0-301F-11D3-BF4B-00C04F79EFBC}") = "Stopwatch", "Stopwatch\Stopwatch.csproj", "{9434C527-CC21-4564-B645-2A29AB010FB6}"
EndProject
Global
	GlobalSection(SolutionConfigurationPlatforms) = preSolution
		Debug|Any CPU = Debug|Any CPU
		Release|Any CPU = Release|Any CPU
	EndGlobalSection
	GlobalSection(ProjectConfigurationPlatforms) = postSolution
		{9434C527-CC21-4564-B645-2A29AB010FB6}.Debug|Any CPU.ActiveCfg = Debug|Any CPU
		{9434C527-CC21-4564-B645-2A29AB010FB6}.Debug|Any CPU.Build.0 = Debug|Any CPU
		{9434C527-CC21-4564-B645-2A29AB010FB6}.Release|Any CPU.ActiveCfg = Release|Any CPU
		{9434C527-CC21-4564-B645-2A29AB010FB6}.Release|Any CPU.Build.0 = Release|Any CPU
	EndGlobalSection
	GlobalSection(SolutionProperties) = preSolution
		HideSolutionNode = FALSE
	EndGlobalSection
	GlobalSection(ExtensibilityGlobals) = postSolution
		SolutionGuid = {EF3DF4AC-C783-4703-81AD-3379C63517CA}
	EndGlobalSection
EndGlobal
